
Microsoft Visual Studio Solution File, Format Version 12.00
# Visual Studio Version 17
VisualStudioVersion = 17.8.34408.163
MinimumVisualStudioVersion = 10.0.40219.1
Project("{FAE04EC0-301F-11D3-BF4B-00C04F79EFBC}") = "DesignPattern", "DesignPattern\DesignPattern.csproj", "{68B6A7DA-BE01-4266-99DE-13722B72EF52}"
EndProject
Global
	GlobalSection(SolutionConfigurationPlatforms) = preSolution
		Debug|Any CPU = Debug|Any CPU
		Release|Any CPU = Release|Any CPU
	EndGlobalSection
	GlobalSection(ProjectConfigurationPlatforms) = postSolution
		{68B6A7DA-BE01-4266-99DE-13722B72EF52}.Debug|Any CPU.ActiveCfg = Debug|Any CPU
		{68B6A7DA-BE01-4266-99DE-13722B72EF52}.Debug|Any CPU.Build.0 = Debug|Any CPU
		{68B6A7DA-BE01-4266-99DE-13722B72EF52}.Release|Any CPU.ActiveCfg = Release|Any CPU
		{68B6A7DA-BE01-4266-99DE-13722B72EF52}.Release|Any CPU.Build.0 = Release|Any CPU
	EndGlobalSection
	GlobalSection(SolutionProperties) = preSolution
		HideSolutionNode = FALSE
	EndGlobalSection
	GlobalSection(ExtensibilityGlobals) = postSolution
		SolutionGuid = {4EE9F9B4-25C4-43F1-8977-065D8071C3BD}
	EndGlobalSection
EndGlobal
